<?xml version="1.0" encoding="UTF-8" standalone="yes" ?>
<CodeBlocks_project_file>
	<FileVersion major="1" minor="6" />
	<Project>
		<Option title="LazychordLib" />
		<Option makefile_is_custom="1" />
		<Option execution_dir="Build" />
		<Option pch_mode="2" />
		<Option compiler="gcc" />
		<Build>
			<Target title="Debug">
				<Option output="Build/main" prefix_auto="1" extension_auto="1" />
				<Option object_output="obj/Debug/" />
				<Option type="1" />
				<Option compiler="gcc" />
				<Compiler>
					<Add option="-g" />
				</Compiler>
				<MakeCommands>
					<Build command="$make -f $makefile" />
					<CompileFile command="$make -f $makefile $file" />
					<Clean command="$make -f $makefile clean" />
					<DistClean command="$make -f $makefile distclean$target" />
					<AskRebuildNeeded command="$make -q -f $makefile" />
					<SilentBuild command="$make -f $makefile &gt; $(CMD_NULL)" />
				</MakeCommands>
			</Target>
			<Target title="Release">
				<Option output="Build/main" prefix_auto="1" extension_auto="1" />
				<Option object_output="obj/Release/" />
				<Option type="1" />
				<Option compiler="gcc" />
				<Compiler>
					<Add option="-O2" />
				</Compiler>
				<Linker>
					<Add option="-s" />
				</Linker>
			</Target>
		</Build>
		<Compiler>
			<Add option="-Wall" />
			<Add option="-fexceptions" />
		</Compiler>
		<Unit filename="Build/Makefile" />
		<Unit filename="CMakeLists.txt" />
		<Unit filename="main.cpp" />
		<Unit filename="src/Chord.cpp" />
		<Unit filename="src/Chord.hpp" />
		<Unit filename="src/Figure.cpp" />
		<Unit filename="src/Figure.hpp" />
		<Unit filename="src/Key.cpp" />
		<Unit filename="src/Key.hpp" />
		<Unit filename="src/Log.cpp" />
		<Unit filename="src/Log.hpp" />
		<Unit filename="src/Melody.cpp" />
		<Unit filename="src/Melody.hpp" />
		<Unit filename="src/Music.cpp" />
		<Unit filename="src/Music.hpp" />
		<Unit filename="src/Note.cpp" />
		<Unit filename="src/Note.hpp" />
		<Unit filename="src/Pitch.cpp" />
		<Unit filename="src/Pitch.hpp" />
		<Unit filename="src/Signature.cpp" />
		<Unit filename="src/Signature.hpp" />
		<Unit filename="src/Utilities.cpp" />
		<Unit filename="src/Utilities.hpp" />
		<Unit filename="tests/MusicRulesTest.cxx" />
		<Unit filename="tests/TestMain.cxx" />
		<Unit filename="tests/catch.hpp" />
		<Unit filename="tests/genericTests.cxx" />
		<Unit filename="tests/musicTest.cxx" />
		<Extensions>
			<code_completion />
			<envvars />
			<debugger />
		</Extensions>
	</Project>
</CodeBlocks_project_file>
